// !$*UTF8*$!
{
	archiveVersion = 1;
	classes = {
	};
	objectVersion = 56;
	objects = {

/* Begin PBXBuildFile section */
		506A846828C7D9B300DAFBB7 /* AppDelegate.swift in Sources */ = {isa = PBXBuildFile; fileRef = 506A846728C7D9B300DAFBB7 /* AppDelegate.swift */; };
		506A846A28C7D9B300DAFBB7 /* GameViewController.swift in Sources */ = {isa = PBXBuildFile; fileRef = 506A846928C7D9B300DAFBB7 /* GameViewController.swift */; };
		506A846D28C7D9B300DAFBB7 /* Main.storyboard in Resources */ = {isa = PBXBuildFile; fileRef = 506A846B28C7D9B300DAFBB7 /* Main.storyboard */; };
		506A847028C7D9B300DAFBB7 /* LaunchScreen.storyboard in Resources */ = {isa = PBXBuildFile; fileRef = 506A846E28C7D9B300DAFBB7 /* LaunchScreen.storyboard */; };
		506A847828C7D9B300DAFBB7 /* AppDelegate.swift in Sources */ = {isa = PBXBuildFile; fileRef = 506A847728C7D9B300DAFBB7 /* AppDelegate.swift */; };
		506A847A28C7D9B300DAFBB7 /* GameViewController.swift in Sources */ = {isa = PBXBuildFile; fileRef = 506A847928C7D9B300DAFBB7 /* GameViewController.swift */; };
		506A847D28C7D9B300DAFBB7 /* Main.storyboard in Resources */ = {isa = PBXBuildFile; fileRef = 506A847B28C7D9B300DAFBB7 /* Main.storyboard */; };
		506A848128C7D9B300DAFBB7 /* Renderer.swift in Sources */ = {isa = PBXBuildFile; fileRef = 506A845D28C7D9B200DAFBB7 /* Renderer.swift */; };
		506A848228C7D9B300DAFBB7 /* Renderer.swift in Sources */ = {isa = PBXBuildFile; fileRef = 506A845D28C7D9B200DAFBB7 /* Renderer.swift */; };
		506A848328C7D9B300DAFBB7 /* ShaderTypes.h in Resources */ = {isa = PBXBuildFile; fileRef = 506A845E28C7D9B200DAFBB7 /* ShaderTypes.h */; };
		506A848428C7D9B300DAFBB7 /* ShaderTypes.h in Resources */ = {isa = PBXBuildFile; fileRef = 506A845E28C7D9B200DAFBB7 /* ShaderTypes.h */; };
		506A848528C7D9B300DAFBB7 /* Assets.xcassets in Resources */ = {isa = PBXBuildFile; fileRef = 506A845F28C7D9B300DAFBB7 /* Assets.xcassets */; };
		506A848628C7D9B300DAFBB7 /* Assets.xcassets in Resources */ = {isa = PBXBuildFile; fileRef = 506A845F28C7D9B300DAFBB7 /* Assets.xcassets */; };
		506A849028C7E2F600DAFBB7 /* phong_shading.metal in Sources */ = {isa = PBXBuildFile; fileRef = 506A848F28C7E2F600DAFBB7 /* phong_shading.metal */; };
		506A849128C7E2F600DAFBB7 /* phong_shading.metal in Sources */ = {isa = PBXBuildFile; fileRef = 506A848F28C7E2F600DAFBB7 /* phong_shading.metal */; };
		506A849428C7E74600DAFBB7 /* RenderableMesh.swift in Sources */ = {isa = PBXBuildFile; fileRef = 506A849328C7E74600DAFBB7 /* RenderableMesh.swift */; };
		506A849528C7E74600DAFBB7 /* RenderableMesh.swift in Sources */ = {isa = PBXBuildFile; fileRef = 506A849328C7E74600DAFBB7 /* RenderableMesh.swift */; };
		506A849A28C7EFCB00DAFBB7 /* ArcballCamera.swift in Sources */ = {isa = PBXBuildFile; fileRef = 506A849928C7EFCB00DAFBB7 /* ArcballCamera.swift */; };
		506A849B28C7EFCB00DAFBB7 /* ArcballCamera.swift in Sources */ = {isa = PBXBuildFile; fileRef = 506A849928C7EFCB00DAFBB7 /* ArcballCamera.swift */; };
		506A849D28C8DC8800DAFBB7 /* TeapotRenderableMesh.swift in Sources */ = {isa = PBXBuildFile; fileRef = 506A849C28C8DC8800DAFBB7 /* TeapotRenderableMesh.swift */; };
		506A849E28C8DC8800DAFBB7 /* TeapotRenderableMesh.swift in Sources */ = {isa = PBXBuildFile; fileRef = 506A849C28C8DC8800DAFBB7 /* TeapotRenderableMesh.swift */; };
		50F896EC28C91A0200B34B9B /* Transform.swift in Sources */ = {isa = PBXBuildFile; fileRef = 50F896EB28C91A0200B34B9B /* Transform.swift */; };
		50F896ED28C91A0200B34B9B /* Transform.swift in Sources */ = {isa = PBXBuildFile; fileRef = 50F896EB28C91A0200B34B9B /* Transform.swift */; };
/* End PBXBuildFile section */

/* Begin PBXFileReference section */
		506A845D28C7D9B200DAFBB7 /* Renderer.swift */ = {isa = PBXFileReference; lastKnownFileType = sourcecode.swift; path = Renderer.swift; sourceTree = "<group>"; };
		506A845E28C7D9B200DAFBB7 /* ShaderTypes.h */ = {isa = PBXFileReference; lastKnownFileType = sourcecode.c.h; path = ShaderTypes.h; sourceTree = "<group>"; };
		506A845F28C7D9B300DAFBB7 /* Assets.xcassets */ = {isa = PBXFileReference; lastKnownFileType = folder.assetcatalog; path = Assets.xcassets; sourceTree = "<group>"; };
		506A846428C7D9B300DAFBB7 /* MetalShaderShowcase.app */ = {isa = PBXFileReference; explicitFileType = wrapper.application; includeInIndex = 0; path = MetalShaderShowcase.app; sourceTree = BUILT_PRODUCTS_DIR; };
		506A846728C7D9B300DAFBB7 /* AppDelegate.swift */ = {isa = PBXFileReference; lastKnownFileType = sourcecode.swift; path = AppDelegate.swift; sourceTree = "<group>"; };
		506A846928C7D9B300DAFBB7 /* GameViewController.swift */ = {isa = PBXFileReference; lastKnownFileType = sourcecode.swift; path = GameViewController.swift; sourceTree = "<group>"; };
		506A846C28C7D9B300DAFBB7 /* Base */ = {isa = PBXFileReference; lastKnownFileType = file.storyboard; name = Base; path = Base.lproj/Main.storyboard; sourceTree = "<group>"; };
		506A846F28C7D9B300DAFBB7 /* Base */ = {isa = PBXFileReference; lastKnownFileType = file.storyboard; name = Base; path = Base.lproj/LaunchScreen.storyboard; sourceTree = "<group>"; };
		506A847528C7D9B300DAFBB7 /* MetalShaderShowcase.app */ = {isa = PBXFileReference; explicitFileType = wrapper.application; includeInIndex = 0; path = MetalShaderShowcase.app; sourceTree = BUILT_PRODUCTS_DIR; };
		506A847728C7D9B300DAFBB7 /* AppDelegate.swift */ = {isa = PBXFileReference; lastKnownFileType = sourcecode.swift; path = AppDelegate.swift; sourceTree = "<group>"; };
		506A847928C7D9B300DAFBB7 /* GameViewController.swift */ = {isa = PBXFileReference; lastKnownFileType = sourcecode.swift; path = GameViewController.swift; sourceTree = "<group>"; };
		506A847C28C7D9B300DAFBB7 /* Base */ = {isa = PBXFileReference; lastKnownFileType = file.storyboard; name = Base; path = Base.lproj/Main.storyboard; sourceTree = "<group>"; };
		506A847E28C7D9B300DAFBB7 /* MetalShaderShowcase_macOS.entitlements */ = {isa = PBXFileReference; lastKnownFileType = text.plist.entitlements; path = MetalShaderShowcase_macOS.entitlements; sourceTree = "<group>"; };
		506A848F28C7E2F600DAFBB7 /* phong_shading.metal */ = {isa = PBXFileReference; lastKnownFileType = sourcecode.metal; path = phong_shading.metal; sourceTree = "<group>"; };
		506A849328C7E74600DAFBB7 /* RenderableMesh.swift */ = {isa = PBXFileReference; lastKnownFileType = sourcecode.swift; path = RenderableMesh.swift; sourceTree = "<group>"; };
		506A849928C7EFCB00DAFBB7 /* ArcballCamera.swift */ = {isa = PBXFileReference; lastKnownFileType = sourcecode.swift; path = ArcballCamera.swift; sourceTree = "<group>"; };
		506A849C28C8DC8800DAFBB7 /* TeapotRenderableMesh.swift */ = {isa = PBXFileReference; lastKnownFileType = sourcecode.swift; path = TeapotRenderableMesh.swift; sourceTree = "<group>"; };
		50F896EB28C91A0200B34B9B /* Transform.swift */ = {isa = PBXFileReference; lastKnownFileType = sourcecode.swift; path = Transform.swift; sourceTree = "<group>"; };
/* End PBXFileReference section */

/* Begin PBXFrameworksBuildPhase section */
		506A846128C7D9B300DAFBB7 /* Frameworks */ = {
			isa = PBXFrameworksBuildPhase;
			buildActionMask = 2147483647;
			files = (
			);
			runOnlyForDeploymentPostprocessing = 0;
		};
		506A847228C7D9B300DAFBB7 /* Frameworks */ = {
			isa = PBXFrameworksBuildPhase;
			buildActionMask = 2147483647;
			files = (
			);
			runOnlyForDeploymentPostprocessing = 0;
		};
/* End PBXFrameworksBuildPhase section */

/* Begin PBXGroup section */
		506A845628C7D9B200DAFBB7 = {
			isa = PBXGroup;
			children = (
				506A845B28C7D9B200DAFBB7 /* MetalShaderShowcase Shared */,
				506A846628C7D9B300DAFBB7 /* MetalShaderShowcase iOS */,
				506A847628C7D9B300DAFBB7 /* MetalShaderShowcase macOS */,
				506A846528C7D9B300DAFBB7 /* Products */,
			);
			sourceTree = "<group>";
		};
		506A845B28C7D9B200DAFBB7 /* MetalShaderShowcase Shared */ = {
			isa = PBXGroup;
			children = (
				506A849228C7E71900DAFBB7 /* Meshes */,
				506A845D28C7D9B200DAFBB7 /* Renderer.swift */,
				506A845E28C7D9B200DAFBB7 /* ShaderTypes.h */,
				506A845F28C7D9B300DAFBB7 /* Assets.xcassets */,
				506A848F28C7E2F600DAFBB7 /* phong_shading.metal */,
				506A849928C7EFCB00DAFBB7 /* ArcballCamera.swift */,
				50F896EB28C91A0200B34B9B /* Transform.swift */,
			);
			path = "MetalShaderShowcase Shared";
			sourceTree = "<group>";
		};
		506A846528C7D9B300DAFBB7 /* Products */ = {
			isa = PBXGroup;
			children = (
				506A846428C7D9B300DAFBB7 /* MetalShaderShowcase.app */,
				506A847528C7D9B300DAFBB7 /* MetalShaderShowcase.app */,
			);
			name = Products;
			sourceTree = "<group>";
		};
		506A846628C7D9B300DAFBB7 /* MetalShaderShowcase iOS */ = {
			isa = PBXGroup;
			children = (
				506A846728C7D9B300DAFBB7 /* AppDelegate.swift */,
				506A846928C7D9B300DAFBB7 /* GameViewController.swift */,
				506A846B28C7D9B300DAFBB7 /* Main.storyboard */,
				506A846E28C7D9B300DAFBB7 /* LaunchScreen.storyboard */,
			);
			path = "MetalShaderShowcase iOS";
			sourceTree = "<group>";
		};
		506A847628C7D9B300DAFBB7 /* MetalShaderShowcase macOS */ = {
			isa = PBXGroup;
			children = (
				506A847728C7D9B300DAFBB7 /* AppDelegate.swift */,
				506A847928C7D9B300DAFBB7 /* GameViewController.swift */,
				506A847B28C7D9B300DAFBB7 /* Main.storyboard */,
				506A847E28C7D9B300DAFBB7 /* MetalShaderShowcase_macOS.entitlements */,
			);
			path = "MetalShaderShowcase macOS";
			sourceTree = "<group>";
		};
		506A849228C7E71900DAFBB7 /* Meshes */ = {
			isa = PBXGroup;
			children = (
				506A849328C7E74600DAFBB7 /* RenderableMesh.swift */,
				506A849C28C8DC8800DAFBB7 /* TeapotRenderableMesh.swift */,
			);
			path = Meshes;
			sourceTree = "<group>";
		};
/* End PBXGroup section */

/* Begin PBXNativeTarget section */
		506A846328C7D9B300DAFBB7 /* MetalShaderShowcase iOS */ = {
			isa = PBXNativeTarget;
			buildConfigurationList = 506A848928C7D9B300DAFBB7 /* Build configuration list for PBXNativeTarget "MetalShaderShowcase iOS" */;
			buildPhases = (
				506A846028C7D9B300DAFBB7 /* Sources */,
				506A846128C7D9B300DAFBB7 /* Frameworks */,
				506A846228C7D9B300DAFBB7 /* Resources */,
			);
			buildRules = (
			);
			dependencies = (
			);
			name = "MetalShaderShowcase iOS";
			productName = "MetalShaderShowcase iOS";
			productReference = 506A846428C7D9B300DAFBB7 /* MetalShaderShowcase.app */;
			productType = "com.apple.product-type.application";
		};
		506A847428C7D9B300DAFBB7 /* MetalShaderShowcase macOS */ = {
			isa = PBXNativeTarget;
			buildConfigurationList = 506A848C28C7D9B300DAFBB7 /* Build configuration list for PBXNativeTarget "MetalShaderShowcase macOS" */;
			buildPhases = (
				506A847128C7D9B300DAFBB7 /* Sources */,
				506A847228C7D9B300DAFBB7 /* Frameworks */,
				506A847328C7D9B300DAFBB7 /* Resources */,
			);
			buildRules = (
			);
			dependencies = (
			);
			name = "MetalShaderShowcase macOS";
			productName = "MetalShaderShowcase macOS";
			productReference = 506A847528C7D9B300DAFBB7 /* MetalShaderShowcase.app */;
			productType = "com.apple.product-type.application";
		};
/* End PBXNativeTarget section */

/* Begin PBXProject section */
		506A845728C7D9B200DAFBB7 /* Project object */ = {
			isa = PBXProject;
			attributes = {
				BuildIndependentTargetsInParallel = 1;
				LastSwiftUpdateCheck = 1400;
				LastUpgradeCheck = 1400;
				TargetAttributes = {
					506A846328C7D9B300DAFBB7 = {
						CreatedOnToolsVersion = 14.0;
					};
					506A847428C7D9B300DAFBB7 = {
						CreatedOnToolsVersion = 14.0;
					};
				};
			};
			buildConfigurationList = 506A845A28C7D9B200DAFBB7 /* Build configuration list for PBXProject "MetalShaderShowcase" */;
			compatibilityVersion = "Xcode 14.0";
			developmentRegion = en;
			hasScannedForEncodings = 0;
			knownRegions = (
				en,
				Base,
			);
			mainGroup = 506A845628C7D9B200DAFBB7;
			productRefGroup = 506A846528C7D9B300DAFBB7 /* Products */;
			projectDirPath = "";
			projectRoot = "";
			targets = (
				506A846328C7D9B300DAFBB7 /* MetalShaderShowcase iOS */,
				506A847428C7D9B300DAFBB7 /* MetalShaderShowcase macOS */,
			);
		};
/* End PBXProject section */

/* Begin PBXResourcesBuildPhase section */
		506A846228C7D9B300DAFBB7 /* Resources */ = {
			isa = PBXResourcesBuildPhase;
			buildActionMask = 2147483647;
			files = (
				506A848328C7D9B300DAFBB7 /* ShaderTypes.h in Resources */,
				506A846D28C7D9B300DAFBB7 /* Main.storyboard in Resources */,
				506A848528C7D9B300DAFBB7 /* Assets.xcassets in Resources */,
				506A847028C7D9B300DAFBB7 /* LaunchScreen.storyboard in Resources */,
			);
			runOnlyForDeploymentPostprocessing = 0;
		};
		506A847328C7D9B300DAFBB7 /* Resources */ = {
			isa = PBXResourcesBuildPhase;
			buildActionMask = 2147483647;
			files = (
				506A847D28C7D9B300DAFBB7 /* Main.storyboard in Resources */,
				506A848628C7D9B300DAFBB7 /* Assets.xcassets in Resources */,
				506A848428C7D9B300DAFBB7 /* ShaderTypes.h in Resources */,
			);
			runOnlyForDeploymentPostprocessing = 0;
		};
/* End PBXResourcesBuildPhase section */

/* Begin PBXSourcesBuildPhase section */
		506A846028C7D9B300DAFBB7 /* Sources */ = {
			isa = PBXSourcesBuildPhase;
			buildActionMask = 2147483647;
			files = (
				506A848128C7D9B300DAFBB7 /* Renderer.swift in Sources */,
				506A849028C7E2F600DAFBB7 /* phong_shading.metal in Sources */,
				506A849D28C8DC8800DAFBB7 /* TeapotRenderableMesh.swift in Sources */,
				506A849428C7E74600DAFBB7 /* RenderableMesh.swift in Sources */,
				506A846A28C7D9B300DAFBB7 /* GameViewController.swift in Sources */,
				506A846828C7D9B300DAFBB7 /* AppDelegate.swift in Sources */,
				50F896EC28C91A0200B34B9B /* Transform.swift in Sources */,
				506A849A28C7EFCB00DAFBB7 /* ArcballCamera.swift in Sources */,
			);
			runOnlyForDeploymentPostprocessing = 0;
		};
		506A847128C7D9B300DAFBB7 /* Sources */ = {
			isa = PBXSourcesBuildPhase;
			buildActionMask = 2147483647;
			files = (
				506A848228C7D9B300DAFBB7 /* Renderer.swift in Sources */,
				506A849128C7E2F600DAFBB7 /* phong_shading.metal in Sources */,
				506A849E28C8DC8800DAFBB7 /* TeapotRenderableMesh.swift in Sources */,
				506A849528C7E74600DAFBB7 /* RenderableMesh.swift in Sources */,
				506A847A28C7D9B300DAFBB7 /* GameViewController.swift in Sources */,
				506A847828C7D9B300DAFBB7 /* AppDelegate.swift in Sources */,
				50F896ED28C91A0200B34B9B /* Transform.swift in Sources */,
				506A849B28C7EFCB00DAFBB7 /* ArcballCamera.swift in Sources */,
			);
			runOnlyForDeploymentPostprocessing = 0;
		};
/* End PBXSourcesBuildPhase section */

/* Begin PBXVariantGroup section */
		506A846B28C7D9B300DAFBB7 /* Main.storyboard */ = {
			isa = PBXVariantGroup;
			children = (
				506A846C28C7D9B300DAFBB7 /* Base */,
			);
			name = Main.storyboard;
			sourceTree = "<group>";
		};
		506A846E28C7D9B300DAFBB7 /* LaunchScreen.storyboard */ = {
			isa = PBXVariantGroup;
			children = (
				506A846F28C7D9B300DAFBB7 /* Base */,
			);
			name = LaunchScreen.storyboard;
			sourceTree = "<group>";
		};
		506A847B28C7D9B300DAFBB7 /* Main.storyboard */ = {
			isa = PBXVariantGroup;
			children = (
				506A847C28C7D9B300DAFBB7 /* Base */,
			);
			name = Main.storyboard;
			sourceTree = "<group>";
		};
/* End PBXVariantGroup section */

/* Begin XCBuildConfiguration section */
		506A848728C7D9B300DAFBB7 /* Debug */ = {
			isa = XCBuildConfiguration;
			buildSettings = {
				ALWAYS_SEARCH_USER_PATHS = NO;
				CLANG_ANALYZER_NONNULL = YES;
				CLANG_ANALYZER_NUMBER_OBJECT_CONVERSION = YES_AGGRESSIVE;
				CLANG_CXX_LANGUAGE_STANDARD = "gnu++20";
				CLANG_ENABLE_MODULES = YES;
				CLANG_ENABLE_OBJC_ARC = YES;
				CLANG_ENABLE_OBJC_WEAK = YES;
				CLANG_WARN_BLOCK_CAPTURE_AUTORELEASING = YES;
				CLANG_WARN_BOOL_CONVERSION = YES;
				CLANG_WARN_COMMA = YES;
				CLANG_WARN_CONSTANT_CONVERSION = YES;
				CLANG_WARN_DEPRECATED_OBJC_IMPLEMENTATIONS = YES;
				CLANG_WARN_DIRECT_OBJC_ISA_USAGE = YES_ERROR;
				CLANG_WARN_DOCUMENTATION_COMMENTS = YES;
				CLANG_WARN_EMPTY_BODY = YES;
				CLANG_WARN_ENUM_CONVERSION = YES;
				CLANG_WARN_INFINITE_RECURSION = YES;
				CLANG_WARN_INT_CONVERSION = YES;
				CLANG_WARN_NON_LITERAL_NULL_CONVERSION = YES;
				CLANG_WARN_OBJC_IMPLICIT_RETAIN_SELF = YES;
				CLANG_WARN_OBJC_LITERAL_CONVERSION = YES;
				CLANG_WARN_OBJC_ROOT_CLASS = YES_ERROR;
				CLANG_WARN_QUOTED_INCLUDE_IN_FRAMEWORK_HEADER = YES;
				CLANG_WARN_RANGE_LOOP_ANALYSIS = YES;
				CLANG_WARN_STRICT_PROTOTYPES = YES;
				CLANG_WARN_SUSPICIOUS_MOVE = YES;
				CLANG_WARN_UNGUARDED_AVAILABILITY = YES_AGGRESSIVE;
				CLANG_WARN_UNREACHABLE_CODE = YES;
				CLANG_WARN__DUPLICATE_METHOD_MATCH = YES;
				COPY_PHASE_STRIP = NO;
				DEBUG_INFORMATION_FORMAT = dwarf;
				ENABLE_STRICT_OBJC_MSGSEND = YES;
				ENABLE_TESTABILITY = YES;
				GCC_C_LANGUAGE_STANDARD = gnu11;
				GCC_DYNAMIC_NO_PIC = NO;
				GCC_NO_COMMON_BLOCKS = YES;
				GCC_OPTIMIZATION_LEVEL = 0;
				GCC_PREPROCESSOR_DEFINITIONS = (
					"DEBUG=1",
					"$(inherited)",
				);
				GCC_WARN_64_TO_32_BIT_CONVERSION = YES;
				GCC_WARN_ABOUT_RETURN_TYPE = YES_ERROR;
				GCC_WARN_UNDECLARED_SELECTOR = YES;
				GCC_WARN_UNINITIALIZED_AUTOS = YES_AGGRESSIVE;
				GCC_WARN_UNUSED_FUNCTION = YES;
				GCC_WARN_UNUSED_VARIABLE = YES;
				MTL_ENABLE_DEBUG_INFO = INCLUDE_SOURCE;
				MTL_FAST_MATH = YES;
				ONLY_ACTIVE_ARCH = YES;
				SWIFT_ACTIVE_COMPILATION_CONDITIONS = DEBUG;
				SWIFT_OPTIMIZATION_LEVEL = "-Onone";
			};
			name = Debug;
		};
		506A848828C7D9B300DAFBB7 /* Release */ = {
			isa = XCBuildConfiguration;
			buildSettings = {
				ALWAYS_SEARCH_USER_PATHS = NO;
				CLANG_ANALYZER_NONNULL = YES;
				CLANG_ANALYZER_NUMBER_OBJECT_CONVERSION = YES_AGGRESSIVE;
				CLANG_CXX_LANGUAGE_STANDARD = "gnu++20";
				CLANG_ENABLE_MODULES = YES;
				CLANG_ENABLE_OBJC_ARC = YES;
				CLANG_ENABLE_OBJC_WEAK = YES;
				CLANG_WARN_BLOCK_CAPTURE_AUTORELEASING = YES;
				CLANG_WARN_BOOL_CONVERSION = YES;
				CLANG_WARN_COMMA = YES;
				CLANG_WARN_CONSTANT_CONVERSION = YES;
				CLANG_WARN_DEPRECATED_OBJC_IMPLEMENTATIONS = YES;
				CLANG_WARN_DIRECT_OBJC_ISA_USAGE = YES_ERROR;
				CLANG_WARN_DOCUMENTATION_COMMENTS = YES;
				CLANG_WARN_EMPTY_BODY = YES;
				CLANG_WARN_ENUM_CONVERSION = YES;
				CLANG_WARN_INFINITE_RECURSION = YES;
				CLANG_WARN_INT_CONVERSION = YES;
				CLANG_WARN_NON_LITERAL_NULL_CONVERSION = YES;
				CLANG_WARN_OBJC_IMPLICIT_RETAIN_SELF = YES;
				CLANG_WARN_OBJC_LITERAL_CONVERSION = YES;
				CLANG_WARN_OBJC_ROOT_CLASS = YES_ERROR;
				CLANG_WARN_QUOTED_INCLUDE_IN_FRAMEWORK_HEADER = YES;
				CLANG_WARN_RANGE_LOOP_ANALYSIS = YES;
				CLANG_WARN_STRICT_PROTOTYPES = YES;
				CLANG_WARN_SUSPICIOUS_MOVE = YES;
				CLANG_WARN_UNGUARDED_AVAILABILITY = YES_AGGRESSIVE;
				CLANG_WARN_UNREACHABLE_CODE = YES;
				CLANG_WARN__DUPLICATE_METHOD_MATCH = YES;
				COPY_PHASE_STRIP = NO;
				DEBUG_INFORMATION_FORMAT = "dwarf-with-dsym";
				ENABLE_NS_ASSERTIONS = NO;
				ENABLE_STRICT_OBJC_MSGSEND = YES;
				GCC_C_LANGUAGE_STANDARD = gnu11;
				GCC_NO_COMMON_BLOCKS = YES;
				GCC_WARN_64_TO_32_BIT_CONVERSION = YES;
				GCC_WARN_ABOUT_RETURN_TYPE = YES_ERROR;
				GCC_WARN_UNDECLARED_SELECTOR = YES;
				GCC_WARN_UNINITIALIZED_AUTOS = YES_AGGRESSIVE;
				GCC_WARN_UNUSED_FUNCTION = YES;
				GCC_WARN_UNUSED_VARIABLE = YES;
				MTL_ENABLE_DEBUG_INFO = NO;
				MTL_FAST_MATH = YES;
				SWIFT_COMPILATION_MODE = wholemodule;
				SWIFT_OPTIMIZATION_LEVEL = "-O";
			};
			name = Release;
		};
		506A848A28C7D9B300DAFBB7 /* Debug */ = {
			isa = XCBuildConfiguration;
			buildSettings = {
				ASSETCATALOG_COMPILER_APPICON_NAME = AppIcon;
				ASSETCATALOG_COMPILER_GLOBAL_ACCENT_COLOR_NAME = AccentColor;
				CODE_SIGN_STYLE = Automatic;
				CURRENT_PROJECT_VERSION = 1;
				DEVELOPMENT_TEAM = 3ZV7AP8GY9;
				GENERATE_INFOPLIST_FILE = YES;
				INFOPLIST_KEY_UIApplicationSupportsIndirectInputEvents = YES;
				INFOPLIST_KEY_UILaunchStoryboardName = LaunchScreen;
				INFOPLIST_KEY_UIMainStoryboardFile = Main;
				INFOPLIST_KEY_UIStatusBarHidden = YES;
				INFOPLIST_KEY_UISupportedInterfaceOrientations_iPad = "UIInterfaceOrientationPortrait UIInterfaceOrientationPortraitUpsideDown UIInterfaceOrientationLandscapeLeft UIInterfaceOrientationLandscapeRight";
				INFOPLIST_KEY_UISupportedInterfaceOrientations_iPhone = "UIInterfaceOrientationPortrait UIInterfaceOrientationLandscapeLeft UIInterfaceOrientationLandscapeRight";
				IPHONEOS_DEPLOYMENT_TARGET = 15.6;
				LD_RUNPATH_SEARCH_PATHS = (
					"$(inherited)",
					"@executable_path/Frameworks",
				);
				MARKETING_VERSION = 1.0;
				PRODUCT_BUNDLE_IDENTIFIER = v1k65m677.MetalShaderShowcase;
				PRODUCT_NAME = MetalShaderShowcase;
				SDKROOT = iphoneos;
				SWIFT_EMIT_LOC_STRINGS = YES;
				SWIFT_OBJC_BRIDGING_HEADER = "MetalShaderShowcase Shared/ShaderTypes.h";
				SWIFT_VERSION = 5.0;
				TARGETED_DEVICE_FAMILY = "1,2";
			};
			name = Debug;
		};
		506A848B28C7D9B300DAFBB7 /* Release */ = {
			isa = XCBuildConfiguration;
			buildSettings = {
				ASSETCATALOG_COMPILER_APPICON_NAME = AppIcon;
				ASSETCATALOG_COMPILER_GLOBAL_ACCENT_COLOR_NAME = AccentColor;
				CODE_SIGN_STYLE = Automatic;
				CURRENT_PROJECT_VERSION = 1;
				DEVELOPMENT_TEAM = 3ZV7AP8GY9;
				GENERATE_INFOPLIST_FILE = YES;
				INFOPLIST_KEY_UIApplicationSupportsIndirectInputEvents = YES;
				INFOPLIST_KEY_UILaunchStoryboardName = LaunchScreen;
				INFOPLIST_KEY_UIMainStoryboardFile = Main;
				INFOPLIST_KEY_UIStatusBarHidden = YES;
				INFOPLIST_KEY_UISupportedInterfaceOrientations_iPad = "UIInterfaceOrientationPortrait UIInterfaceOrientationPortraitUpsideDown UIInterfaceOrientationLandscapeLeft UIInterfaceOrientationLandscapeRight";
				INFOPLIST_KEY_UISupportedInterfaceOrientations_iPhone = "UIInterfaceOrientationPortrait UIInterfaceOrientationLandscapeLeft UIInterfaceOrientationLandscapeRight";
				IPHONEOS_DEPLOYMENT_TARGET = 15.6;
				LD_RUNPATH_SEARCH_PATHS = (
					"$(inherited)",
					"@executable_path/Frameworks",
				);
				MARKETING_VERSION = 1.0;
				PRODUCT_BUNDLE_IDENTIFIER = v1k65m677.MetalShaderShowcase;
				PRODUCT_NAME = MetalShaderShowcase;
				SDKROOT = iphoneos;
				SWIFT_EMIT_LOC_STRINGS = YES;
				SWIFT_OBJC_BRIDGING_HEADER = "MetalShaderShowcase Shared/ShaderTypes.h";
				SWIFT_VERSION = 5.0;
				TARGETED_DEVICE_FAMILY = "1,2";
				VALIDATE_PRODUCT = YES;
			};
			name = Release;
		};
		506A848D28C7D9B300DAFBB7 /* Debug */ = {
			isa = XCBuildConfiguration;
			buildSettings = {
				ASSETCATALOG_COMPILER_APPICON_NAME = AppIcon;
				ASSETCATALOG_COMPILER_GLOBAL_ACCENT_COLOR_NAME = AccentColor;
				CODE_SIGN_ENTITLEMENTS = "MetalShaderShowcase macOS/MetalShaderShowcase_macOS.entitlements";
				CODE_SIGN_STYLE = Automatic;
				COMBINE_HIDPI_IMAGES = YES;
				CURRENT_PROJECT_VERSION = 1;
				DEVELOPMENT_TEAM = 3ZV7AP8GY9;
				ENABLE_HARDENED_RUNTIME = YES;
				GENERATE_INFOPLIST_FILE = YES;
				INFOPLIST_KEY_NSHumanReadableCopyright = "";
				INFOPLIST_KEY_NSMainStoryboardFile = Main;
				INFOPLIST_KEY_NSPrincipalClass = NSApplication;
				LD_RUNPATH_SEARCH_PATHS = (
					"$(inherited)",
					"@executable_path/../Frameworks",
				);
				MACOSX_DEPLOYMENT_TARGET = 13.0;
				MARKETING_VERSION = 1.0;
				PRODUCT_BUNDLE_IDENTIFIER = v1k65m677.MetalShaderShowcase;
				PRODUCT_NAME = MetalShaderShowcase;
				SDKROOT = macosx;
				SWIFT_EMIT_LOC_STRINGS = YES;
				SWIFT_OBJC_BRIDGING_HEADER = "MetalShaderShowcase Shared/ShaderTypes.h";
				SWIFT_VERSION = 5.0;
			};
			name = Debug;
		};
		506A848E28C7D9B300DAFBB7 /* Release */ = {
			isa = XCBuildConfiguration;
			buildSettings = {
				ASSETCATALOG_COMPILER_APPICON_NAME = AppIcon;
				ASSETCATALOG_COMPILER_GLOBAL_ACCENT_COLOR_NAME = AccentColor;
				CODE_SIGN_ENTITLEMENTS = "MetalShaderShowcase macOS/MetalShaderShowcase_macOS.entitlements";
				CODE_SIGN_STYLE = Automatic;
				COMBINE_HIDPI_IMAGES = YES;
				CURRENT_PROJECT_VERSION = 1;
				DEVELOPMENT_TEAM = 3ZV7AP8GY9;
				ENABLE_HARDENED_RUNTIME = YES;
				GENERATE_INFOPLIST_FILE = YES;
				INFOPLIST_KEY_NSHumanReadableCopyright = "";
				INFOPLIST_KEY_NSMainStoryboardFile = Main;
				INFOPLIST_KEY_NSPrincipalClass = NSApplication;
				LD_RUNPATH_SEARCH_PATHS = (
					"$(inherited)",
					"@executable_path/../Frameworks",
				);
				MACOSX_DEPLOYMENT_TARGET = 13.0;
				MARKETING_VERSION = 1.0;
				PRODUCT_BUNDLE_IDENTIFIER = v1k65m677.MetalShaderShowcase;
				PRODUCT_NAME = MetalShaderShowcase;
				SDKROOT = macosx;
				SWIFT_EMIT_LOC_STRINGS = YES;
				SWIFT_OBJC_BRIDGING_HEADER = "MetalShaderShowcase Shared/ShaderTypes.h";
				SWIFT_VERSION = 5.0;
			};
			name = Release;
		};
/* End XCBuildConfiguration section */

/* Begin XCConfigurationList section */
		506A845A28C7D9B200DAFBB7 /* Build configuration list for PBXProject "MetalShaderShowcase" */ = {
			isa = XCConfigurationList;
			buildConfigurations = (
				506A848728C7D9B300DAFBB7 /* Debug */,
				506A848828C7D9B300DAFBB7 /* Release */,
			);
			defaultConfigurationIsVisible = 0;
			defaultConfigurationName = Release;
		};
		506A848928C7D9B300DAFBB7 /* Build configuration list for PBXNativeTarget "MetalShaderShowcase iOS" */ = {
			isa = XCConfigurationList;
			buildConfigurations = (
				506A848A28C7D9B300DAFBB7 /* Debug */,
				506A848B28C7D9B300DAFBB7 /* Release */,
			);
			defaultConfigurationIsVisible = 0;
			defaultConfigurationName = Release;
		};
		506A848C28C7D9B300DAFBB7 /* Build configuration list for PBXNativeTarget "MetalShaderShowcase macOS" */ = {
			isa = XCConfigurationList;
			buildConfigurations = (
				506A848D28C7D9B300DAFBB7 /* Debug */,
				506A848E28C7D9B300DAFBB7 /* Release */,
			);
			defaultConfigurationIsVisible = 0;
			defaultConfigurationName = Release;
		};
/* End XCConfigurationList section */
	};
	rootObject = 506A845728C7D9B200DAFBB7 /* Project object */;
}
